Microsoft Visual Studio Solution File, Format Version 11.00
# Visual Studio 2008

Project("{9F3F707B-CB6E-B414-82F7-04AD853A0D64}") = "ProyectoIA", "Assembly-CSharp.csproj", "{61482E6B-07BA-36C2-D537-1F748D671F6D}"
EndProject
Global
	GlobalSection(SolutionConfigurationPlatforms) = preSolution
		Debug|Any CPU = Debug|Any CPU
		Release|Any CPU = Release|Any CPU
	EndGlobalSection
	GlobalSection(ProjectConfigurationPlatforms) = postSolution
		{61482E6B-07BA-36C2-D537-1F748D671F6D}.Debug|Any CPU.ActiveCfg = Debug|Any CPU
		{61482E6B-07BA-36C2-D537-1F748D671F6D}.Debug|Any CPU.Build.0 = Debug|Any CPU
		{61482E6B-07BA-36C2-D537-1F748D671F6D}.Release|Any CPU.ActiveCfg = Release|Any CPU
		{61482E6B-07BA-36C2-D537-1F748D671F6D}.Release|Any CPU.Build.0 = Release|Any CPU
	EndGlobalSection
	GlobalSection(SolutionProperties) = preSolution
		HideSolutionNode = FALSE
	EndGlobalSection
	GlobalSection(MonoDevelopProperties) = preSolution
		StartupItem = Assembly-CSharp.csproj
	EndGlobalSection
EndGlobal
